
Microsoft Visual Studio Solution File, Format Version 12.00
# Visual Studio Version 17
VisualStudioVersion = 17.3.32811.315
MinimumVisualStudioVersion = 10.0.40219.1
Project("{8BC9CEB8-8B4A-11D0-8D11-00A0C91BC942}") = "Adivina_Quien_Blak", "Adivina_Quien_Blak\Adivina_Quien_Blak.vcxproj", "{9CC2DBB5-5FA0-4377-999F-6CFFFED76295}"
EndProject
Global
	GlobalSection(SolutionConfigurationPlatforms) = preSolution
		Debug|x64 = Debug|x64
		Debug|x86 = Debug|x86
		Release|x64 = Release|x64
		Release|x86 = Release|x86
	EndGlobalSection
	GlobalSection(ProjectConfigurationPlatforms) = postSolution
		{9CC2DBB5-5FA0-4377-999F-6CFFFED76295}.Debug|x64.ActiveCfg = Debug|x64
		{9CC2DBB5-5FA0-4377-999F-6CFFFED76295}.Debug|x64.Build.0 = Debug|x64
		{9CC2DBB5-5FA0-4377-999F-6CFFFED76295}.Debug|x86.ActiveCfg = Debug|Win32
		{9CC2DBB5-5FA0-4377-999F-6CFFFED76295}.Debug|x86.Build.0 = Debug|Win32
		{9CC2DBB5-5FA0-4377-999F-6CFFFED76295}.Release|x64.ActiveCfg = Release|x64
		{9CC2DBB5-5FA0-4377-999F-6CFFFED76295}.Release|x64.Build.0 = Release|x64
		{9CC2DBB5-5FA0-4377-999F-6CFFFED76295}.Release|x86.ActiveCfg = Release|Win32
		{9CC2DBB5-5FA0-4377-999F-6CFFFED76295}.Release|x86.Build.0 = Release|Win32
	EndGlobalSection
	GlobalSection(SolutionProperties) = preSolution
		HideSolutionNode = FALSE
	EndGlobalSection
	GlobalSection(ExtensibilityGlobals) = postSolution
		SolutionGuid = {DB8C9437-225A-4AC5-8B3A-D4096C0D8205}
	EndGlobalSection
EndGlobal
